Microsoft Visual Studio Solution File, Format Version 11.00
# Visual Studio 2008

Project("{B91D613B-B6E4-087F-06E6-351DEB9F5DF4}") = "Assignment1", "Assembly-CSharp.csproj", "{BEC89A45-9804-02E7-B29F-AC2A648FFAED}"
EndProject
Global
	GlobalSection(SolutionConfigurationPlatforms) = preSolution
		Debug|Any CPU = Debug|Any CPU
		Release|Any CPU = Release|Any CPU
	EndGlobalSection
	GlobalSection(ProjectConfigurationPlatforms) = postSolution
		{BEC89A45-9804-02E7-B29F-AC2A648FFAED}.Debug|Any CPU.ActiveCfg = Debug|Any CPU
		{BEC89A45-9804-02E7-B29F-AC2A648FFAED}.Debug|Any CPU.Build.0 = Debug|Any CPU
		{BEC89A45-9804-02E7-B29F-AC2A648FFAED}.Release|Any CPU.ActiveCfg = Release|Any CPU
		{BEC89A45-9804-02E7-B29F-AC2A648FFAED}.Release|Any CPU.Build.0 = Release|Any CPU
	EndGlobalSection
	GlobalSection(SolutionProperties) = preSolution
		HideSolutionNode = FALSE
	EndGlobalSection
																							GlobalSection(MonoDevelopProperties) = preSolution
		StartupItem = Assembly-CSharp.csproj
		Policies = $0
		$0.TextStylePolicy = $1
		$1.inheritsSet = null
		$1.scope = text/x-csharp
		$0.CSharpFormattingPolicy = $2
		$2.inheritsSet = Mono
		$2.inheritsScope = text/x-csharp
		$2.scope = text/x-csharp
		$0.TextStylePolicy = $3
		$3.FileWidth = 120
		$3.TabWidth = 4
		$3.EolMarker = Unix
		$3.inheritsSet = Mono
		$3.inheritsScope = text/plain
		$3.scope = text/plain
	EndGlobalSection

EndGlobal
